
Microsoft Visual Studio Solution File, Format Version 12.00
# Visual Studio Version 17
VisualStudioVersion = 17.14.36203.30
MinimumVisualStudioVersion = 10.0.40219.1
Project("{FAE04EC0-301F-11D3-BF4B-00C04F79EFBC}") = "zd5_2_Demin.Android", "zd5_2_Demin.Android\zd5_2_Demin.Android.csproj", "{F45F1165-B1B8-44AE-B857-A88C99657903}"
EndProject
Project("{FAE04EC0-301F-11D3-BF4B-00C04F79EFBC}") = "zd5_2_Demin", "zd5_2_Demin\zd5_2_Demin.csproj", "{D194B46E-68A8-446A-9431-F1EF74C01897}"
EndProject
Project("{FAE04EC0-301F-11D3-BF4B-00C04F79EFBC}") = "TestProject1", "TestProject1\TestProject1.csproj", "{160AE9C6-0508-429B-B669-3C054CC789FD}"
EndProject
Global
	GlobalSection(SolutionConfigurationPlatforms) = preSolution
		Debug|Any CPU = Debug|Any CPU
		Release|Any CPU = Release|Any CPU
	EndGlobalSection
	GlobalSection(ProjectConfigurationPlatforms) = postSolution
		{F45F1165-B1B8-44AE-B857-A88C99657903}.Debug|Any CPU.ActiveCfg = Debug|Any CPU
		{F45F1165-B1B8-44AE-B857-A88C99657903}.Debug|Any CPU.Build.0 = Debug|Any CPU
		{F45F1165-B1B8-44AE-B857-A88C99657903}.Debug|Any CPU.Deploy.0 = Debug|Any CPU
		{F45F1165-B1B8-44AE-B857-A88C99657903}.Release|Any CPU.ActiveCfg = Release|Any CPU
		{F45F1165-B1B8-44AE-B857-A88C99657903}.Release|Any CPU.Build.0 = Release|Any CPU
		{F45F1165-B1B8-44AE-B857-A88C99657903}.Release|Any CPU.Deploy.0 = Release|Any CPU
		{D194B46E-68A8-446A-9431-F1EF74C01897}.Debug|Any CPU.ActiveCfg = Debug|Any CPU
		{D194B46E-68A8-446A-9431-F1EF74C01897}.Debug|Any CPU.Build.0 = Debug|Any CPU
		{D194B46E-68A8-446A-9431-F1EF74C01897}.Debug|Any CPU.Deploy.0 = Debug|Any CPU
		{D194B46E-68A8-446A-9431-F1EF74C01897}.Release|Any CPU.ActiveCfg = Release|Any CPU
		{D194B46E-68A8-446A-9431-F1EF74C01897}.Release|Any CPU.Build.0 = Release|Any CPU
		{D194B46E-68A8-446A-9431-F1EF74C01897}.Release|Any CPU.Deploy.0 = Release|Any CPU
		{160AE9C6-0508-429B-B669-3C054CC789FD}.Debug|Any CPU.ActiveCfg = Debug|Any CPU
		{160AE9C6-0508-429B-B669-3C054CC789FD}.Debug|Any CPU.Build.0 = Debug|Any CPU
		{160AE9C6-0508-429B-B669-3C054CC789FD}.Release|Any CPU.ActiveCfg = Release|Any CPU
		{160AE9C6-0508-429B-B669-3C054CC789FD}.Release|Any CPU.Build.0 = Release|Any CPU
	EndGlobalSection
	GlobalSection(SolutionProperties) = preSolution
		HideSolutionNode = FALSE
	EndGlobalSection
	GlobalSection(ExtensibilityGlobals) = postSolution
		SolutionGuid = {5FF8687C-115D-4F89-8DBA-99ADDB43791F}
	EndGlobalSection
EndGlobal
